{
  "name": "svelte-tutorial",
  "version": "1.0.0",
  "lockfileVersion": 2,
  "requires": true,
  "packages": {
    "": {
      "name": "svelte-tutorial",
      "version": "1.0.0",
      "license": "ISC",
      "devDependencies": {
        "prettier": "^2.3.2",
        "prettier-plugin-svelte": "^2.4.0"
      }
    },
    "node_modules/prettier": {
      "version": "2.3.2",
      "resolved": "https://registry.npmjs.org/prettier/-/prettier-2.3.2.tgz",
      "integrity": "sha512-lnJzDfJ66zkMy58OL5/NY5zp70S7Nz6KqcKkXYzn2tMVrNxvbqaBpg7H3qHaLxCJ5lNMsGuM8+ohS7cZrthdLQ==",
      "dev": true,
      "bin": {
        "prettier": "bin-prettier.js"
      },
      "engines": {
        "node": ">=10.13.0"
      }
    },
    "node_modules/prettier-plugin-svelte": {
      "version": "2.4.0",
      "resolved": "https://registry.npmjs.org/prettier-plugin-svelte/-/prettier-plugin-svelte-2.4.0.tgz",
      "integrity": "sha512-JwJ9bOz4XHLQtiLnX4mTSSDUdhu12WH8sTwy/XTDCSyPlah6IcV7NWeYBZscPEcceu2YnW8Y9sJCP40Z2UH9GA==",
      "dev": true,
      "peerDependencies": {
        "prettier": "^1.16.4 || ^2.0.0",
        "svelte": "^3.2.0"
      }
    },
    "node_modules/svelte": {
      "version": "3.42.4",
      "resolved": "https://registry.npmjs.org/svelte/-/svelte-3.42.4.tgz",
      "integrity": "sha512-DqC0AmDdBrrbIA+Kzl3yhBb6qCn4vZOAfxye2pTnIpinLegyagC5sLI8Pe9GPlXu9VpHBXIwpDDedpMfu++epA==",
      "dev": true,
      "peer": true,
      "engines": {
        "node": ">= 8"
      }
    }
  },
  "dependencies": {
    "prettier": {
      "version": "2.3.2",
      "resolved": "https://registry.npmjs.org/prettier/-/prettier-2.3.2.tgz",
      "integrity": "sha512-lnJzDfJ66zkMy58OL5/NY5zp70S7Nz6KqcKkXYzn2tMVrNxvbqaBpg7H3qHaLxCJ5lNMsGuM8+ohS7cZrthdLQ==",
      "dev": true
    },
    "prettier-plugin-svelte": {
      "version": "2.4.0",
      "resolved": "https://registry.npmjs.org/prettier-plugin-svelte/-/prettier-plugin-svelte-2.4.0.tgz",
      "integrity": "sha512-JwJ9bOz4XHLQtiLnX4mTSSDUdhu12WH8sTwy/XTDCSyPlah6IcV7NWeYBZscPEcceu2YnW8Y9sJCP40Z2UH9GA==",
      "dev": true,
      "requires": {}
    },
    "svelte": {
      "version": "3.42.4",
      "resolved": "https://registry.npmjs.org/svelte/-/svelte-3.42.4.tgz",
      "integrity": "sha512-DqC0AmDdBrrbIA+Kzl3yhBb6qCn4vZOAfxye2pTnIpinLegyagC5sLI8Pe9GPlXu9VpHBXIwpDDedpMfu++epA==",
      "dev": true,
      "peer": true
    }
  }
}
